
Microsoft Visual Studio Solution File, Format Version 12.00
# Visual Studio 2017
Project("{FAE04EC0-301F-11D3-BF4B-00C04F79EFBC}") = "UnityEngine.TestRunner", "UnityEngine.TestRunner.csproj", "{E08C0643-0A13-BF9B-F68E-2FDBBB855F02}"
EndProject
Project("{FAE04EC0-301F-11D3-BF4B-00C04F79EFBC}") = "UnityEngine.UI", "UnityEngine.UI.csproj", "{BA355BDC-D9AC-4DF0-CBE7-0822160BAB0E}"
EndProject
Project("{FAE04EC0-301F-11D3-BF4B-00C04F79EFBC}") = "com.unity.multiplayer-hlapi.Runtime", "com.unity.multiplayer-hlapi.Runtime.csproj", "{FA5CA632-7858-B348-2678-3563F1DAD317}"
EndProject
Project("{FAE04EC0-301F-11D3-BF4B-00C04F79EFBC}") = "Unity.TextMeshPro", "Unity.TextMeshPro.csproj", "{07A21C90-D344-AE1A-8456-9910C203B41A}"
EndProject
Project("{FAE04EC0-301F-11D3-BF4B-00C04F79EFBC}") = "Unity.Timeline", "Unity.Timeline.csproj", "{6940CB9D-2F64-7CD4-BA0F-5610D5AB47B0}"
EndProject
Project("{FAE04EC0-301F-11D3-BF4B-00C04F79EFBC}") = "webVR", "webVR.csproj", "{A039E7FE-3E7F-6B15-5F5D-1E44309BF51C}"
EndProject
Project("{FAE04EC0-301F-11D3-BF4B-00C04F79EFBC}") = "webVR.Plugins", "webVR.Plugins.csproj", "{72779790-5852-5068-EFCF-77EE666A918C}"
EndProject
Project("{FAE04EC0-301F-11D3-BF4B-00C04F79EFBC}") = "PhotonUnityNetworking.Demos", "PhotonUnityNetworking.Demos.csproj", "{1E703456-A30F-599B-63B4-1A8804EF405D}"
EndProject
Project("{FAE04EC0-301F-11D3-BF4B-00C04F79EFBC}") = "PhotonUnityNetworking.Utilities", "PhotonUnityNetworking.Utilities.csproj", "{77446C08-6EE1-25B9-8EE1-B0E3B884AF4C}"
EndProject
Project("{FAE04EC0-301F-11D3-BF4B-00C04F79EFBC}") = "PhotonVoice.API", "PhotonVoice.API.csproj", "{53148962-CECC-61AF-4BCB-0282BB0F875D}"
EndProject
Project("{FAE04EC0-301F-11D3-BF4B-00C04F79EFBC}") = "PhotonChat", "PhotonChat.csproj", "{C2E4545A-CFD8-1C54-CC06-23208DF43373}"
EndProject
Project("{FAE04EC0-301F-11D3-BF4B-00C04F79EFBC}") = "Unity.Analytics.DataPrivacy", "Unity.Analytics.DataPrivacy.csproj", "{D6E266C6-3D1F-28C8-9FEB-2A01E44DBF77}"
EndProject
Project("{FAE04EC0-301F-11D3-BF4B-00C04F79EFBC}") = "PhotonUnityNetworking", "PhotonUnityNetworking.csproj", "{0DDAA233-0E0C-843C-A686-46B229F8EDB6}"
EndProject
Project("{FAE04EC0-301F-11D3-BF4B-00C04F79EFBC}") = "PhotonRealtime", "PhotonRealtime.csproj", "{46CD5C6C-EEB1-9647-EFDC-AECB90EB247F}"
EndProject
Project("{FAE04EC0-301F-11D3-BF4B-00C04F79EFBC}") = "UnityEngine.XR.LegacyInputHelpers", "UnityEngine.XR.LegacyInputHelpers.csproj", "{8E7C73A3-7719-6FE2-0D0D-A83EDAB504C7}"
EndProject
Project("{FAE04EC0-301F-11D3-BF4B-00C04F79EFBC}") = "PhotonVoice", "PhotonVoice.csproj", "{9B7439AD-474F-182E-2E1B-8CCC0B997701}"
EndProject
Project("{FAE04EC0-301F-11D3-BF4B-00C04F79EFBC}") = "UnityEngine.SpatialTracking", "UnityEngine.SpatialTracking.csproj", "{EDE48CFA-E9C6-66CB-F43E-070EAA2E76B0}"
EndProject
Project("{FAE04EC0-301F-11D3-BF4B-00C04F79EFBC}") = "Unity.Formats.Fbx.Runtime", "Unity.Formats.Fbx.Runtime.csproj", "{666DF93D-D56A-1DFF-7210-722E1C5741EE}"
EndProject
Project("{FAE04EC0-301F-11D3-BF4B-00C04F79EFBC}") = "PhotonWebSocket", "PhotonWebSocket.csproj", "{E0F4D774-A2FF-449E-153A-671502DD07F1}"
EndProject
Project("{FAE04EC0-301F-11D3-BF4B-00C04F79EFBC}") = "PhotonVoice.PUN", "PhotonVoice.PUN.csproj", "{E3FA83D6-1AD3-F0FD-CD66-A3AEFF459A06}"
EndProject
Project("{FAE04EC0-301F-11D3-BF4B-00C04F79EFBC}") = "Unity.TextMeshPro.Editor", "Unity.TextMeshPro.Editor.csproj", "{3A848AB7-9891-EDDA-D555-BF184C2F81F4}"
EndProject
Project("{FAE04EC0-301F-11D3-BF4B-00C04F79EFBC}") = "Unity.Timeline.Editor", "Unity.Timeline.Editor.csproj", "{7C87BE25-0A2E-FC58-1E14-37330F289AA3}"
EndProject
Project("{FAE04EC0-301F-11D3-BF4B-00C04F79EFBC}") = "UnityEditor.TestRunner", "UnityEditor.TestRunner.csproj", "{01729BEB-38B3-94D0-873E-F22C19EB806A}"
EndProject
Project("{FAE04EC0-301F-11D3-BF4B-00C04F79EFBC}") = "com.unity.multiplayer-hlapi.Editor", "com.unity.multiplayer-hlapi.Editor.csproj", "{5FCD587C-B023-5664-12C3-B6D9F281A654}"
EndProject
Project("{FAE04EC0-301F-11D3-BF4B-00C04F79EFBC}") = "UnityEditor.UI", "UnityEditor.UI.csproj", "{3BB3FA27-B9AA-7EC6-4E7C-EE51EC3271F7}"
EndProject
Project("{FAE04EC0-301F-11D3-BF4B-00C04F79EFBC}") = "Unity.CollabProxy.Editor", "Unity.CollabProxy.Editor.csproj", "{C12CEEC6-100C-58A2-DE36-314E4DE5E40B}"
EndProject
Project("{FAE04EC0-301F-11D3-BF4B-00C04F79EFBC}") = "com.unity.multiplayer-weaver.Editor", "com.unity.multiplayer-weaver.Editor.csproj", "{93D0DB2F-F53D-5A17-ACE7-5C0226DA2A0D}"
EndProject
Project("{FAE04EC0-301F-11D3-BF4B-00C04F79EFBC}") = "Unity.VSCode.Editor", "Unity.VSCode.Editor.csproj", "{F37EB8D3-595B-2A8E-9D57-98253E4F534B}"
EndProject
Project("{FAE04EC0-301F-11D3-BF4B-00C04F79EFBC}") = "Unity.Rider.Editor", "Unity.Rider.Editor.csproj", "{C540080A-BED7-978E-DDFC-EE09E5DBB722}"
EndProject
Project("{FAE04EC0-301F-11D3-BF4B-00C04F79EFBC}") = "webVR.Editor", "webVR.Editor.csproj", "{6FEBCCB1-68A6-3D50-40FF-E218ED3F2E12}"
EndProject
Project("{FAE04EC0-301F-11D3-BF4B-00C04F79EFBC}") = "Unity.2D.Sprite.Editor", "Unity.2D.Sprite.Editor.csproj", "{FB59C224-D4E6-39F8-9116-391BC3D3E954}"
EndProject
Project("{FAE04EC0-301F-11D3-BF4B-00C04F79EFBC}") = "PhotonVoice.Editor", "PhotonVoice.Editor.csproj", "{804CFC47-15F4-4623-AFAF-02536AFB4BE7}"
EndProject
Project("{FAE04EC0-301F-11D3-BF4B-00C04F79EFBC}") = "Autodesk.Fbx", "Autodesk.Fbx.csproj", "{9FB2437C-981E-177E-C3B0-30060A286C23}"
EndProject
Project("{FAE04EC0-301F-11D3-BF4B-00C04F79EFBC}") = "Unity.Formats.Fbx.Editor", "Unity.Formats.Fbx.Editor.csproj", "{C9EDA4F7-6620-78FF-17BE-1A5690E8DFC0}"
EndProject
Project("{FAE04EC0-301F-11D3-BF4B-00C04F79EFBC}") = "Unity.2D.Tilemap.Editor", "Unity.2D.Tilemap.Editor.csproj", "{9B01B14B-B87E-A8D5-396F-11C50473230C}"
EndProject
Project("{FAE04EC0-301F-11D3-BF4B-00C04F79EFBC}") = "UnityEditor.XR.LegacyInputHelpers", "UnityEditor.XR.LegacyInputHelpers.csproj", "{E39D021A-24A3-CC45-6B3B-9304A0479D9A}"
EndProject
Project("{FAE04EC0-301F-11D3-BF4B-00C04F79EFBC}") = "PhotonUnityNetworking.Editor", "PhotonUnityNetworking.Editor.csproj", "{5F1D0165-5AE6-C4DA-5508-CA9D8D5A57A5}"
EndProject
Project("{FAE04EC0-301F-11D3-BF4B-00C04F79EFBC}") = "PhotonVoice.Utilities.Editor", "PhotonVoice.Utilities.Editor.csproj", "{68119DCF-BF85-8D41-49D6-E42566CCF2D5}"
EndProject
Project("{FAE04EC0-301F-11D3-BF4B-00C04F79EFBC}") = "webVR.Editor.Plugins", "webVR.Editor.Plugins.csproj", "{EBA39281-7822-38C0-23F5-9CEB6D58AB87}"
EndProject
Project("{FAE04EC0-301F-11D3-BF4B-00C04F79EFBC}") = "PunDemos.DemoHubEditor", "PunDemos.DemoHubEditor.csproj", "{651B5920-0C0F-8CC4-77AA-31B58E994E83}"
EndProject
Project("{FAE04EC0-301F-11D3-BF4B-00C04F79EFBC}") = "PhotonUnityNetworking.Utilities.PhotonPlayer.Editor", "PhotonUnityNetworking.Utilities.PhotonPlayer.Editor.csproj", "{5434E390-48BD-22AD-7204-8E8348643A28}"
EndProject
Project("{FAE04EC0-301F-11D3-BF4B-00C04F79EFBC}") = "PhotonUnityNetworking.Utilities.Culling.Editor", "PhotonUnityNetworking.Utilities.Culling.Editor.csproj", "{41237C29-56BB-3231-379F-9E2DD1841B8B}"
EndProject
Project("{FAE04EC0-301F-11D3-BF4B-00C04F79EFBC}") = "PunDemos.DemoSlotcarEditor", "PunDemos.DemoSlotcarEditor.csproj", "{121EF014-53E8-C1D8-8D4A-7482949F27D3}"
EndProject
Project("{FAE04EC0-301F-11D3-BF4B-00C04F79EFBC}") = "PhotonVoice.PUN.Editor", "PhotonVoice.PUN.Editor.csproj", "{A75C0D97-764A-37C6-EFB2-BAFBB95B6730}"
EndProject
Project("{FAE04EC0-301F-11D3-BF4B-00C04F79EFBC}") = "UnityEditor.SpatialTracking", "UnityEditor.SpatialTracking.csproj", "{779568FA-8B74-9FC0-8E1A-6EBB501CEFE6}"
EndProject
Global
	GlobalSection(SolutionConfigurationPlatforms) = preSolution
		Debug|Any CPU = Debug|Any CPU
		Release|Any CPU = Release|Any CPU
	EndGlobalSection
	GlobalSection(ProjectConfigurationPlatforms) = postSolution
		{E08C0643-0A13-BF9B-F68E-2FDBBB855F02}.Debug|Any CPU.ActiveCfg = Debug|Any CPU
		{E08C0643-0A13-BF9B-F68E-2FDBBB855F02}.Debug|Any CPU.Build.0 = Debug|Any CPU
		{E08C0643-0A13-BF9B-F68E-2FDBBB855F02}.Release|Any CPU.ActiveCfg = Release|Any CPU
		{E08C0643-0A13-BF9B-F68E-2FDBBB855F02}.Release|Any CPU.Build.0 = Release|Any CPU
		{BA355BDC-D9AC-4DF0-CBE7-0822160BAB0E}.Debug|Any CPU.ActiveCfg = Debug|Any CPU
		{BA355BDC-D9AC-4DF0-CBE7-0822160BAB0E}.Debug|Any CPU.Build.0 = Debug|Any CPU
		{BA355BDC-D9AC-4DF0-CBE7-0822160BAB0E}.Release|Any CPU.ActiveCfg = Release|Any CPU
		{BA355BDC-D9AC-4DF0-CBE7-0822160BAB0E}.Release|Any CPU.Build.0 = Release|Any CPU
		{FA5CA632-7858-B348-2678-3563F1DAD317}.Debug|Any CPU.ActiveCfg = Debug|Any CPU
		{FA5CA632-7858-B348-2678-3563F1DAD317}.Debug|Any CPU.Build.0 = Debug|Any CPU
		{FA5CA632-7858-B348-2678-3563F1DAD317}.Release|Any CPU.ActiveCfg = Release|Any CPU
		{FA5CA632-7858-B348-2678-3563F1DAD317}.Release|Any CPU.Build.0 = Release|Any CPU
		{07A21C90-D344-AE1A-8456-9910C203B41A}.Debug|Any CPU.ActiveCfg = Debug|Any CPU
		{07A21C90-D344-AE1A-8456-9910C203B41A}.Debug|Any CPU.Build.0 = Debug|Any CPU
		{07A21C90-D344-AE1A-8456-9910C203B41A}.Release|Any CPU.ActiveCfg = Release|Any CPU
		{07A21C90-D344-AE1A-8456-9910C203B41A}.Release|Any CPU.Build.0 = Release|Any CPU
		{6940CB9D-2F64-7CD4-BA0F-5610D5AB47B0}.Debug|Any CPU.ActiveCfg = Debug|Any CPU
		{6940CB9D-2F64-7CD4-BA0F-5610D5AB47B0}.Debug|Any CPU.Build.0 = Debug|Any CPU
		{6940CB9D-2F64-7CD4-BA0F-5610D5AB47B0}.Release|Any CPU.ActiveCfg = Release|Any CPU
		{6940CB9D-2F64-7CD4-BA0F-5610D5AB47B0}.Release|Any CPU.Build.0 = Release|Any CPU
		{A039E7FE-3E7F-6B15-5F5D-1E44309BF51C}.Debug|Any CPU.ActiveCfg = Debug|Any CPU
		{A039E7FE-3E7F-6B15-5F5D-1E44309BF51C}.Debug|Any CPU.Build.0 = Debug|Any CPU
		{A039E7FE-3E7F-6B15-5F5D-1E44309BF51C}.Release|Any CPU.ActiveCfg = Release|Any CPU
		{A039E7FE-3E7F-6B15-5F5D-1E44309BF51C}.Release|Any CPU.Build.0 = Release|Any CPU
		{72779790-5852-5068-EFCF-77EE666A918C}.Debug|Any CPU.ActiveCfg = Debug|Any CPU
		{72779790-5852-5068-EFCF-77EE666A918C}.Debug|Any CPU.Build.0 = Debug|Any CPU
		{72779790-5852-5068-EFCF-77EE666A918C}.Release|Any CPU.ActiveCfg = Release|Any CPU
		{72779790-5852-5068-EFCF-77EE666A918C}.Release|Any CPU.Build.0 = Release|Any CPU
		{1E703456-A30F-599B-63B4-1A8804EF405D}.Debug|Any CPU.ActiveCfg = Debug|Any CPU
		{1E703456-A30F-599B-63B4-1A8804EF405D}.Debug|Any CPU.Build.0 = Debug|Any CPU
		{1E703456-A30F-599B-63B4-1A8804EF405D}.Release|Any CPU.ActiveCfg = Release|Any CPU
		{1E703456-A30F-599B-63B4-1A8804EF405D}.Release|Any CPU.Build.0 = Release|Any CPU
		{77446C08-6EE1-25B9-8EE1-B0E3B884AF4C}.Debug|Any CPU.ActiveCfg = Debug|Any CPU
		{77446C08-6EE1-25B9-8EE1-B0E3B884AF4C}.Debug|Any CPU.Build.0 = Debug|Any CPU
		{77446C08-6EE1-25B9-8EE1-B0E3B884AF4C}.Release|Any CPU.ActiveCfg = Release|Any CPU
		{77446C08-6EE1-25B9-8EE1-B0E3B884AF4C}.Release|Any CPU.Build.0 = Release|Any CPU
		{53148962-CECC-61AF-4BCB-0282BB0F875D}.Debug|Any CPU.ActiveCfg = Debug|Any CPU
		{53148962-CECC-61AF-4BCB-0282BB0F875D}.Debug|Any CPU.Build.0 = Debug|Any CPU
		{53148962-CECC-61AF-4BCB-0282BB0F875D}.Release|Any CPU.ActiveCfg = Release|Any CPU
		{53148962-CECC-61AF-4BCB-0282BB0F875D}.Release|Any CPU.Build.0 = Release|Any CPU
		{C2E4545A-CFD8-1C54-CC06-23208DF43373}.Debug|Any CPU.ActiveCfg = Debug|Any CPU
		{C2E4545A-CFD8-1C54-CC06-23208DF43373}.Debug|Any CPU.Build.0 = Debug|Any CPU
		{C2E4545A-CFD8-1C54-CC06-23208DF43373}.Release|Any CPU.ActiveCfg = Release|Any CPU
		{C2E4545A-CFD8-1C54-CC06-23208DF43373}.Release|Any CPU.Build.0 = Release|Any CPU
		{D6E266C6-3D1F-28C8-9FEB-2A01E44DBF77}.Debug|Any CPU.ActiveCfg = Debug|Any CPU
		{D6E266C6-3D1F-28C8-9FEB-2A01E44DBF77}.Debug|Any CPU.Build.0 = Debug|Any CPU
		{D6E266C6-3D1F-28C8-9FEB-2A01E44DBF77}.Release|Any CPU.ActiveCfg = Release|Any CPU
		{D6E266C6-3D1F-28C8-9FEB-2A01E44DBF77}.Release|Any CPU.Build.0 = Release|Any CPU
		{0DDAA233-0E0C-843C-A686-46B229F8EDB6}.Debug|Any CPU.ActiveCfg = Debug|Any CPU
		{0DDAA233-0E0C-843C-A686-46B229F8EDB6}.Debug|Any CPU.Build.0 = Debug|Any CPU
		{0DDAA233-0E0C-843C-A686-46B229F8EDB6}.Release|Any CPU.ActiveCfg = Release|Any CPU
		{0DDAA233-0E0C-843C-A686-46B229F8EDB6}.Release|Any CPU.Build.0 = Release|Any CPU
		{46CD5C6C-EEB1-9647-EFDC-AECB90EB247F}.Debug|Any CPU.ActiveCfg = Debug|Any CPU
		{46CD5C6C-EEB1-9647-EFDC-AECB90EB247F}.Debug|Any CPU.Build.0 = Debug|Any CPU
		{46CD5C6C-EEB1-9647-EFDC-AECB90EB247F}.Release|Any CPU.ActiveCfg = Release|Any CPU
		{46CD5C6C-EEB1-9647-EFDC-AECB90EB247F}.Release|Any CPU.Build.0 = Release|Any CPU
		{8E7C73A3-7719-6FE2-0D0D-A83EDAB504C7}.Debug|Any CPU.ActiveCfg = Debug|Any CPU
		{8E7C73A3-7719-6FE2-0D0D-A83EDAB504C7}.Debug|Any CPU.Build.0 = Debug|Any CPU
		{8E7C73A3-7719-6FE2-0D0D-A83EDAB504C7}.Release|Any CPU.ActiveCfg = Release|Any CPU
		{8E7C73A3-7719-6FE2-0D0D-A83EDAB504C7}.Release|Any CPU.Build.0 = Release|Any CPU
		{9B7439AD-474F-182E-2E1B-8CCC0B997701}.Debug|Any CPU.ActiveCfg = Debug|Any CPU
		{9B7439AD-474F-182E-2E1B-8CCC0B997701}.Debug|Any CPU.Build.0 = Debug|Any CPU
		{9B7439AD-474F-182E-2E1B-8CCC0B997701}.Release|Any CPU.ActiveCfg = Release|Any CPU
		{9B7439AD-474F-182E-2E1B-8CCC0B997701}.Release|Any CPU.Build.0 = Release|Any CPU
		{EDE48CFA-E9C6-66CB-F43E-070EAA2E76B0}.Debug|Any CPU.ActiveCfg = Debug|Any CPU
		{EDE48CFA-E9C6-66CB-F43E-070EAA2E76B0}.Debug|Any CPU.Build.0 = Debug|Any CPU
		{EDE48CFA-E9C6-66CB-F43E-070EAA2E76B0}.Release|Any CPU.ActiveCfg = Release|Any CPU
		{EDE48CFA-E9C6-66CB-F43E-070EAA2E76B0}.Release|Any CPU.Build.0 = Release|Any CPU
		{666DF93D-D56A-1DFF-7210-722E1C5741EE}.Debug|Any CPU.ActiveCfg = Debug|Any CPU
		{666DF93D-D56A-1DFF-7210-722E1C5741EE}.Debug|Any CPU.Build.0 = Debug|Any CPU
		{666DF93D-D56A-1DFF-7210-722E1C5741EE}.Release|Any CPU.ActiveCfg = Release|Any CPU
		{666DF93D-D56A-1DFF-7210-722E1C5741EE}.Release|Any CPU.Build.0 = Release|Any CPU
		{E0F4D774-A2FF-449E-153A-671502DD07F1}.Debug|Any CPU.ActiveCfg = Debug|Any CPU
		{E0F4D774-A2FF-449E-153A-671502DD07F1}.Debug|Any CPU.Build.0 = Debug|Any CPU
		{E0F4D774-A2FF-449E-153A-671502DD07F1}.Release|Any CPU.ActiveCfg = Release|Any CPU
		{E0F4D774-A2FF-449E-153A-671502DD07F1}.Release|Any CPU.Build.0 = Release|Any CPU
		{E3FA83D6-1AD3-F0FD-CD66-A3AEFF459A06}.Debug|Any CPU.ActiveCfg = Debug|Any CPU
		{E3FA83D6-1AD3-F0FD-CD66-A3AEFF459A06}.Debug|Any CPU.Build.0 = Debug|Any CPU
		{E3FA83D6-1AD3-F0FD-CD66-A3AEFF459A06}.Release|Any CPU.ActiveCfg = Release|Any CPU
		{E3FA83D6-1AD3-F0FD-CD66-A3AEFF459A06}.Release|Any CPU.Build.0 = Release|Any CPU
		{3A848AB7-9891-EDDA-D555-BF184C2F81F4}.Debug|Any CPU.ActiveCfg = Debug|Any CPU
		{3A848AB7-9891-EDDA-D555-BF184C2F81F4}.Debug|Any CPU.Build.0 = Debug|Any CPU
		{3A848AB7-9891-EDDA-D555-BF184C2F81F4}.Release|Any CPU.ActiveCfg = Release|Any CPU
		{3A848AB7-9891-EDDA-D555-BF184C2F81F4}.Release|Any CPU.Build.0 = Release|Any CPU
		{7C87BE25-0A2E-FC58-1E14-37330F289AA3}.Debug|Any CPU.ActiveCfg = Debug|Any CPU
		{7C87BE25-0A2E-FC58-1E14-37330F289AA3}.Debug|Any CPU.Build.0 = Debug|Any CPU
		{7C87BE25-0A2E-FC58-1E14-37330F289AA3}.Release|Any CPU.ActiveCfg = Release|Any CPU
		{7C87BE25-0A2E-FC58-1E14-37330F289AA3}.Release|Any CPU.Build.0 = Release|Any CPU
		{01729BEB-38B3-94D0-873E-F22C19EB806A}.Debug|Any CPU.ActiveCfg = Debug|Any CPU
		{01729BEB-38B3-94D0-873E-F22C19EB806A}.Debug|Any CPU.Build.0 = Debug|Any CPU
		{01729BEB-38B3-94D0-873E-F22C19EB806A}.Release|Any CPU.ActiveCfg = Release|Any CPU
		{01729BEB-38B3-94D0-873E-F22C19EB806A}.Release|Any CPU.Build.0 = Release|Any CPU
		{5FCD587C-B023-5664-12C3-B6D9F281A654}.Debug|Any CPU.ActiveCfg = Debug|Any CPU
		{5FCD587C-B023-5664-12C3-B6D9F281A654}.Debug|Any CPU.Build.0 = Debug|Any CPU
		{5FCD587C-B023-5664-12C3-B6D9F281A654}.Release|Any CPU.ActiveCfg = Release|Any CPU
		{5FCD587C-B023-5664-12C3-B6D9F281A654}.Release|Any CPU.Build.0 = Release|Any CPU
		{3BB3FA27-B9AA-7EC6-4E7C-EE51EC3271F7}.Debug|Any CPU.ActiveCfg = Debug|Any CPU
		{3BB3FA27-B9AA-7EC6-4E7C-EE51EC3271F7}.Debug|Any CPU.Build.0 = Debug|Any CPU
		{3BB3FA27-B9AA-7EC6-4E7C-EE51EC3271F7}.Release|Any CPU.ActiveCfg = Release|Any CPU
		{3BB3FA27-B9AA-7EC6-4E7C-EE51EC3271F7}.Release|Any CPU.Build.0 = Release|Any CPU
		{C12CEEC6-100C-58A2-DE36-314E4DE5E40B}.Debug|Any CPU.ActiveCfg = Debug|Any CPU
		{C12CEEC6-100C-58A2-DE36-314E4DE5E40B}.Debug|Any CPU.Build.0 = Debug|Any CPU
		{C12CEEC6-100C-58A2-DE36-314E4DE5E40B}.Release|Any CPU.ActiveCfg = Release|Any CPU
		{C12CEEC6-100C-58A2-DE36-314E4DE5E40B}.Release|Any CPU.Build.0 = Release|Any CPU
		{93D0DB2F-F53D-5A17-ACE7-5C0226DA2A0D}.Debug|Any CPU.ActiveCfg = Debug|Any CPU
		{93D0DB2F-F53D-5A17-ACE7-5C0226DA2A0D}.Debug|Any CPU.Build.0 = Debug|Any CPU
		{93D0DB2F-F53D-5A17-ACE7-5C0226DA2A0D}.Release|Any CPU.ActiveCfg = Release|Any CPU
		{93D0DB2F-F53D-5A17-ACE7-5C0226DA2A0D}.Release|Any CPU.Build.0 = Release|Any CPU
		{F37EB8D3-595B-2A8E-9D57-98253E4F534B}.Debug|Any CPU.ActiveCfg = Debug|Any CPU
		{F37EB8D3-595B-2A8E-9D57-98253E4F534B}.Debug|Any CPU.Build.0 = Debug|Any CPU
		{F37EB8D3-595B-2A8E-9D57-98253E4F534B}.Release|Any CPU.ActiveCfg = Release|Any CPU
		{F37EB8D3-595B-2A8E-9D57-98253E4F534B}.Release|Any CPU.Build.0 = Release|Any CPU
		{C540080A-BED7-978E-DDFC-EE09E5DBB722}.Debug|Any CPU.ActiveCfg = Debug|Any CPU
		{C540080A-BED7-978E-DDFC-EE09E5DBB722}.Debug|Any CPU.Build.0 = Debug|Any CPU
		{C540080A-BED7-978E-DDFC-EE09E5DBB722}.Release|Any CPU.ActiveCfg = Release|Any CPU
		{C540080A-BED7-978E-DDFC-EE09E5DBB722}.Release|Any CPU.Build.0 = Release|Any CPU
		{6FEBCCB1-68A6-3D50-40FF-E218ED3F2E12}.Debug|Any CPU.ActiveCfg = Debug|Any CPU
		{6FEBCCB1-68A6-3D50-40FF-E218ED3F2E12}.Debug|Any CPU.Build.0 = Debug|Any CPU
		{6FEBCCB1-68A6-3D50-40FF-E218ED3F2E12}.Release|Any CPU.ActiveCfg = Release|Any CPU
		{6FEBCCB1-68A6-3D50-40FF-E218ED3F2E12}.Release|Any CPU.Build.0 = Release|Any CPU
		{FB59C224-D4E6-39F8-9116-391BC3D3E954}.Debug|Any CPU.ActiveCfg = Debug|Any CPU
		{FB59C224-D4E6-39F8-9116-391BC3D3E954}.Debug|Any CPU.Build.0 = Debug|Any CPU
		{FB59C224-D4E6-39F8-9116-391BC3D3E954}.Release|Any CPU.ActiveCfg = Release|Any CPU
		{FB59C224-D4E6-39F8-9116-391BC3D3E954}.Release|Any CPU.Build.0 = Release|Any CPU
		{804CFC47-15F4-4623-AFAF-02536AFB4BE7}.Debug|Any CPU.ActiveCfg = Debug|Any CPU
		{804CFC47-15F4-4623-AFAF-02536AFB4BE7}.Debug|Any CPU.Build.0 = Debug|Any CPU
		{804CFC47-15F4-4623-AFAF-02536AFB4BE7}.Release|Any CPU.ActiveCfg = Release|Any CPU
		{804CFC47-15F4-4623-AFAF-02536AFB4BE7}.Release|Any CPU.Build.0 = Release|Any CPU
		{9FB2437C-981E-177E-C3B0-30060A286C23}.Debug|Any CPU.ActiveCfg = Debug|Any CPU
		{9FB2437C-981E-177E-C3B0-30060A286C23}.Debug|Any CPU.Build.0 = Debug|Any CPU
		{9FB2437C-981E-177E-C3B0-30060A286C23}.Release|Any CPU.ActiveCfg = Release|Any CPU
		{9FB2437C-981E-177E-C3B0-30060A286C23}.Release|Any CPU.Build.0 = Release|Any CPU
		{C9EDA4F7-6620-78FF-17BE-1A5690E8DFC0}.Debug|Any CPU.ActiveCfg = Debug|Any CPU
		{C9EDA4F7-6620-78FF-17BE-1A5690E8DFC0}.Debug|Any CPU.Build.0 = Debug|Any CPU
		{C9EDA4F7-6620-78FF-17BE-1A5690E8DFC0}.Release|Any CPU.ActiveCfg = Release|Any CPU
		{C9EDA4F7-6620-78FF-17BE-1A5690E8DFC0}.Release|Any CPU.Build.0 = Release|Any CPU
		{9B01B14B-B87E-A8D5-396F-11C50473230C}.Debug|Any CPU.ActiveCfg = Debug|Any CPU
		{9B01B14B-B87E-A8D5-396F-11C50473230C}.Debug|Any CPU.Build.0 = Debug|Any CPU
		{9B01B14B-B87E-A8D5-396F-11C50473230C}.Release|Any CPU.ActiveCfg = Release|Any CPU
		{9B01B14B-B87E-A8D5-396F-11C50473230C}.Release|Any CPU.Build.0 = Release|Any CPU
		{E39D021A-24A3-CC45-6B3B-9304A0479D9A}.Debug|Any CPU.ActiveCfg = Debug|Any CPU
		{E39D021A-24A3-CC45-6B3B-9304A0479D9A}.Debug|Any CPU.Build.0 = Debug|Any CPU
		{E39D021A-24A3-CC45-6B3B-9304A0479D9A}.Release|Any CPU.ActiveCfg = Release|Any CPU
		{E39D021A-24A3-CC45-6B3B-9304A0479D9A}.Release|Any CPU.Build.0 = Release|Any CPU
		{5F1D0165-5AE6-C4DA-5508-CA9D8D5A57A5}.Debug|Any CPU.ActiveCfg = Debug|Any CPU
		{5F1D0165-5AE6-C4DA-5508-CA9D8D5A57A5}.Debug|Any CPU.Build.0 = Debug|Any CPU
		{5F1D0165-5AE6-C4DA-5508-CA9D8D5A57A5}.Release|Any CPU.ActiveCfg = Release|Any CPU
		{5F1D0165-5AE6-C4DA-5508-CA9D8D5A57A5}.Release|Any CPU.Build.0 = Release|Any CPU
		{68119DCF-BF85-8D41-49D6-E42566CCF2D5}.Debug|Any CPU.ActiveCfg = Debug|Any CPU
		{68119DCF-BF85-8D41-49D6-E42566CCF2D5}.Debug|Any CPU.Build.0 = Debug|Any CPU
		{68119DCF-BF85-8D41-49D6-E42566CCF2D5}.Release|Any CPU.ActiveCfg = Release|Any CPU
		{68119DCF-BF85-8D41-49D6-E42566CCF2D5}.Release|Any CPU.Build.0 = Release|Any CPU
		{EBA39281-7822-38C0-23F5-9CEB6D58AB87}.Debug|Any CPU.ActiveCfg = Debug|Any CPU
		{EBA39281-7822-38C0-23F5-9CEB6D58AB87}.Debug|Any CPU.Build.0 = Debug|Any CPU
		{EBA39281-7822-38C0-23F5-9CEB6D58AB87}.Release|Any CPU.ActiveCfg = Release|Any CPU
		{EBA39281-7822-38C0-23F5-9CEB6D58AB87}.Release|Any CPU.Build.0 = Release|Any CPU
		{651B5920-0C0F-8CC4-77AA-31B58E994E83}.Debug|Any CPU.ActiveCfg = Debug|Any CPU
		{651B5920-0C0F-8CC4-77AA-31B58E994E83}.Debug|Any CPU.Build.0 = Debug|Any CPU
		{651B5920-0C0F-8CC4-77AA-31B58E994E83}.Release|Any CPU.ActiveCfg = Release|Any CPU
		{651B5920-0C0F-8CC4-77AA-31B58E994E83}.Release|Any CPU.Build.0 = Release|Any CPU
		{5434E390-48BD-22AD-7204-8E8348643A28}.Debug|Any CPU.ActiveCfg = Debug|Any CPU
		{5434E390-48BD-22AD-7204-8E8348643A28}.Debug|Any CPU.Build.0 = Debug|Any CPU
		{5434E390-48BD-22AD-7204-8E8348643A28}.Release|Any CPU.ActiveCfg = Release|Any CPU
		{5434E390-48BD-22AD-7204-8E8348643A28}.Release|Any CPU.Build.0 = Release|Any CPU
		{41237C29-56BB-3231-379F-9E2DD1841B8B}.Debug|Any CPU.ActiveCfg = Debug|Any CPU
		{41237C29-56BB-3231-379F-9E2DD1841B8B}.Debug|Any CPU.Build.0 = Debug|Any CPU
		{41237C29-56BB-3231-379F-9E2DD1841B8B}.Release|Any CPU.ActiveCfg = Release|Any CPU
		{41237C29-56BB-3231-379F-9E2DD1841B8B}.Release|Any CPU.Build.0 = Release|Any CPU
		{121EF014-53E8-C1D8-8D4A-7482949F27D3}.Debug|Any CPU.ActiveCfg = Debug|Any CPU
		{121EF014-53E8-C1D8-8D4A-7482949F27D3}.Debug|Any CPU.Build.0 = Debug|Any CPU
		{121EF014-53E8-C1D8-8D4A-7482949F27D3}.Release|Any CPU.ActiveCfg = Release|Any CPU
		{121EF014-53E8-C1D8-8D4A-7482949F27D3}.Release|Any CPU.Build.0 = Release|Any CPU
		{A75C0D97-764A-37C6-EFB2-BAFBB95B6730}.Debug|Any CPU.ActiveCfg = Debug|Any CPU
		{A75C0D97-764A-37C6-EFB2-BAFBB95B6730}.Debug|Any CPU.Build.0 = Debug|Any CPU
		{A75C0D97-764A-37C6-EFB2-BAFBB95B6730}.Release|Any CPU.ActiveCfg = Release|Any CPU
		{A75C0D97-764A-37C6-EFB2-BAFBB95B6730}.Release|Any CPU.Build.0 = Release|Any CPU
		{779568FA-8B74-9FC0-8E1A-6EBB501CEFE6}.Debug|Any CPU.ActiveCfg = Debug|Any CPU
		{779568FA-8B74-9FC0-8E1A-6EBB501CEFE6}.Debug|Any CPU.Build.0 = Debug|Any CPU
		{779568FA-8B74-9FC0-8E1A-6EBB501CEFE6}.Release|Any CPU.ActiveCfg = Release|Any CPU
		{779568FA-8B74-9FC0-8E1A-6EBB501CEFE6}.Release|Any CPU.Build.0 = Release|Any CPU
	EndGlobalSection
	GlobalSection(SolutionProperties) = preSolution
		HideSolutionNode = FALSE
	EndGlobalSection
EndGlobal
